
Microsoft Visual Studio Solution File, Format Version 12.00
# Visual Studio Version 17
VisualStudioVersion = 17.10.35013.160
MinimumVisualStudioVersion = 10.0.40219.1
Project("{FAE04EC0-301F-11D3-BF4B-00C04F79EFBC}") = "Stoneberries", "Stoneberries\Stoneberries.csproj", "{4198FDEB-C97C-499A-8CDF-D852E587F0ED}"
EndProject
Global
	GlobalSection(SolutionConfigurationPlatforms) = preSolution
		Debug|Any CPU = Debug|Any CPU
		Release|Any CPU = Release|Any CPU
	EndGlobalSection
	GlobalSection(ProjectConfigurationPlatforms) = postSolution
		{4198FDEB-C97C-499A-8CDF-D852E587F0ED}.Debug|Any CPU.ActiveCfg = Debug|Any CPU
		{4198FDEB-C97C-499A-8CDF-D852E587F0ED}.Debug|Any CPU.Build.0 = Debug|Any CPU
		{4198FDEB-C97C-499A-8CDF-D852E587F0ED}.Release|Any CPU.ActiveCfg = Release|Any CPU
		{4198FDEB-C97C-499A-8CDF-D852E587F0ED}.Release|Any CPU.Build.0 = Release|Any CPU
	EndGlobalSection
	GlobalSection(SolutionProperties) = preSolution
		HideSolutionNode = FALSE
	EndGlobalSection
	GlobalSection(ExtensibilityGlobals) = postSolution
		SolutionGuid = {05184CD7-9C32-4C69-8877-58D0F59A26FF}
	EndGlobalSection
EndGlobal
